
Microsoft Visual Studio Solution File, Format Version 12.00
# Visual Studio Version 17
VisualStudioVersion = 17.3.32922.545
MinimumVisualStudioVersion = 10.0.40219.1
Project("{FAE04EC0-301F-11D3-BF4B-00C04F79EFBC}") = "Proyecto_Final.Android", "Proyecto_Final\Proyecto_Final.Android\Proyecto_Final.Android.csproj", "{1B4AF90F-CDB9-407C-B7A9-6E3506BA28EE}"
EndProject
Project("{FAE04EC0-301F-11D3-BF4B-00C04F79EFBC}") = "Proyecto_Final.iOS", "Proyecto_Final\Proyecto_Final.iOS\Proyecto_Final.iOS.csproj", "{92AA7A05-6B18-4DB6-9F76-E776F71B49D5}"
EndProject
Project("{FAE04EC0-301F-11D3-BF4B-00C04F79EFBC}") = "Proyecto_Final", "Proyecto_Final\Proyecto_Final\Proyecto_Final.csproj", "{1D9EC8F3-45A7-46C1-8DC5-FEFD3528EA9C}"
EndProject
Global
	GlobalSection(SolutionConfigurationPlatforms) = preSolution
		Debug|Any CPU = Debug|Any CPU
		Debug|iPhone = Debug|iPhone
		Debug|iPhoneSimulator = Debug|iPhoneSimulator
		Release|Any CPU = Release|Any CPU
		Release|iPhone = Release|iPhone
		Release|iPhoneSimulator = Release|iPhoneSimulator
	EndGlobalSection
	GlobalSection(ProjectConfigurationPlatforms) = postSolution
		{1B4AF90F-CDB9-407C-B7A9-6E3506BA28EE}.Debug|Any CPU.ActiveCfg = Debug|Any CPU
		{1B4AF90F-CDB9-407C-B7A9-6E3506BA28EE}.Debug|Any CPU.Build.0 = Debug|Any CPU
		{1B4AF90F-CDB9-407C-B7A9-6E3506BA28EE}.Debug|Any CPU.Deploy.0 = Debug|Any CPU
		{1B4AF90F-CDB9-407C-B7A9-6E3506BA28EE}.Debug|iPhone.ActiveCfg = Debug|Any CPU
		{1B4AF90F-CDB9-407C-B7A9-6E3506BA28EE}.Debug|iPhone.Build.0 = Debug|Any CPU
		{1B4AF90F-CDB9-407C-B7A9-6E3506BA28EE}.Debug|iPhone.Deploy.0 = Debug|Any CPU
		{1B4AF90F-CDB9-407C-B7A9-6E3506BA28EE}.Debug|iPhoneSimulator.ActiveCfg = Debug|Any CPU
		{1B4AF90F-CDB9-407C-B7A9-6E3506BA28EE}.Debug|iPhoneSimulator.Build.0 = Debug|Any CPU
		{1B4AF90F-CDB9-407C-B7A9-6E3506BA28EE}.Debug|iPhoneSimulator.Deploy.0 = Debug|Any CPU
		{1B4AF90F-CDB9-407C-B7A9-6E3506BA28EE}.Release|Any CPU.ActiveCfg = Release|Any CPU
		{1B4AF90F-CDB9-407C-B7A9-6E3506BA28EE}.Release|Any CPU.Build.0 = Release|Any CPU
		{1B4AF90F-CDB9-407C-B7A9-6E3506BA28EE}.Release|Any CPU.Deploy.0 = Release|Any CPU
		{1B4AF90F-CDB9-407C-B7A9-6E3506BA28EE}.Release|iPhone.ActiveCfg = Release|Any CPU
		{1B4AF90F-CDB9-407C-B7A9-6E3506BA28EE}.Release|iPhone.Build.0 = Release|Any CPU
		{1B4AF90F-CDB9-407C-B7A9-6E3506BA28EE}.Release|iPhone.Deploy.0 = Release|Any CPU
		{1B4AF90F-CDB9-407C-B7A9-6E3506BA28EE}.Release|iPhoneSimulator.ActiveCfg = Release|Any CPU
		{1B4AF90F-CDB9-407C-B7A9-6E3506BA28EE}.Release|iPhoneSimulator.Build.0 = Release|Any CPU
		{1B4AF90F-CDB9-407C-B7A9-6E3506BA28EE}.Release|iPhoneSimulator.Deploy.0 = Release|Any CPU
		{92AA7A05-6B18-4DB6-9F76-E776F71B49D5}.Debug|Any CPU.ActiveCfg = Debug|iPhone
		{92AA7A05-6B18-4DB6-9F76-E776F71B49D5}.Debug|Any CPU.Build.0 = Debug|iPhone
		{92AA7A05-6B18-4DB6-9F76-E776F71B49D5}.Debug|Any CPU.Deploy.0 = Debug|iPhone
		{92AA7A05-6B18-4DB6-9F76-E776F71B49D5}.Debug|iPhone.ActiveCfg = Debug|iPhone
		{92AA7A05-6B18-4DB6-9F76-E776F71B49D5}.Debug|iPhone.Build.0 = Debug|iPhone
		{92AA7A05-6B18-4DB6-9F76-E776F71B49D5}.Debug|iPhone.Deploy.0 = Debug|iPhone
		{92AA7A05-6B18-4DB6-9F76-E776F71B49D5}.Debug|iPhoneSimulator.ActiveCfg = Debug|iPhoneSimulator
		{92AA7A05-6B18-4DB6-9F76-E776F71B49D5}.Debug|iPhoneSimulator.Build.0 = Debug|iPhoneSimulator
		{92AA7A05-6B18-4DB6-9F76-E776F71B49D5}.Debug|iPhoneSimulator.Deploy.0 = Debug|iPhoneSimulator
		{92AA7A05-6B18-4DB6-9F76-E776F71B49D5}.Release|Any CPU.ActiveCfg = Release|iPhoneSimulator
		{92AA7A05-6B18-4DB6-9F76-E776F71B49D5}.Release|Any CPU.Build.0 = Release|iPhoneSimulator
		{92AA7A05-6B18-4DB6-9F76-E776F71B49D5}.Release|Any CPU.Deploy.0 = Release|iPhoneSimulator
		{92AA7A05-6B18-4DB6-9F76-E776F71B49D5}.Release|iPhone.ActiveCfg = Release|iPhone
		{92AA7A05-6B18-4DB6-9F76-E776F71B49D5}.Release|iPhone.Build.0 = Release|iPhone
		{92AA7A05-6B18-4DB6-9F76-E776F71B49D5}.Release|iPhone.Deploy.0 = Release|iPhone
		{92AA7A05-6B18-4DB6-9F76-E776F71B49D5}.Release|iPhoneSimulator.ActiveCfg = Release|iPhoneSimulator
		{92AA7A05-6B18-4DB6-9F76-E776F71B49D5}.Release|iPhoneSimulator.Build.0 = Release|iPhoneSimulator
		{92AA7A05-6B18-4DB6-9F76-E776F71B49D5}.Release|iPhoneSimulator.Deploy.0 = Release|iPhoneSimulator
		{1D9EC8F3-45A7-46C1-8DC5-FEFD3528EA9C}.Debug|Any CPU.ActiveCfg = Debug|Any CPU
		{1D9EC8F3-45A7-46C1-8DC5-FEFD3528EA9C}.Debug|Any CPU.Build.0 = Debug|Any CPU
		{1D9EC8F3-45A7-46C1-8DC5-FEFD3528EA9C}.Debug|Any CPU.Deploy.0 = Debug|Any CPU
		{1D9EC8F3-45A7-46C1-8DC5-FEFD3528EA9C}.Debug|iPhone.ActiveCfg = Debug|Any CPU
		{1D9EC8F3-45A7-46C1-8DC5-FEFD3528EA9C}.Debug|iPhone.Build.0 = Debug|Any CPU
		{1D9EC8F3-45A7-46C1-8DC5-FEFD3528EA9C}.Debug|iPhone.Deploy.0 = Debug|Any CPU
		{1D9EC8F3-45A7-46C1-8DC5-FEFD3528EA9C}.Debug|iPhoneSimulator.ActiveCfg = Debug|Any CPU
		{1D9EC8F3-45A7-46C1-8DC5-FEFD3528EA9C}.Debug|iPhoneSimulator.Build.0 = Debug|Any CPU
		{1D9EC8F3-45A7-46C1-8DC5-FEFD3528EA9C}.Debug|iPhoneSimulator.Deploy.0 = Debug|Any CPU
		{1D9EC8F3-45A7-46C1-8DC5-FEFD3528EA9C}.Release|Any CPU.ActiveCfg = Release|Any CPU
		{1D9EC8F3-45A7-46C1-8DC5-FEFD3528EA9C}.Release|Any CPU.Build.0 = Release|Any CPU
		{1D9EC8F3-45A7-46C1-8DC5-FEFD3528EA9C}.Release|Any CPU.Deploy.0 = Release|Any CPU
		{1D9EC8F3-45A7-46C1-8DC5-FEFD3528EA9C}.Release|iPhone.ActiveCfg = Release|Any CPU
		{1D9EC8F3-45A7-46C1-8DC5-FEFD3528EA9C}.Release|iPhone.Build.0 = Release|Any CPU
		{1D9EC8F3-45A7-46C1-8DC5-FEFD3528EA9C}.Release|iPhone.Deploy.0 = Release|Any CPU
		{1D9EC8F3-45A7-46C1-8DC5-FEFD3528EA9C}.Release|iPhoneSimulator.ActiveCfg = Release|Any CPU
		{1D9EC8F3-45A7-46C1-8DC5-FEFD3528EA9C}.Release|iPhoneSimulator.Build.0 = Release|Any CPU
		{1D9EC8F3-45A7-46C1-8DC5-FEFD3528EA9C}.Release|iPhoneSimulator.Deploy.0 = Release|Any CPU
	EndGlobalSection
	GlobalSection(SolutionProperties) = preSolution
		HideSolutionNode = FALSE
	EndGlobalSection
	GlobalSection(ExtensibilityGlobals) = postSolution
		SolutionGuid = {FC0BEFB0-2D54-4304-9F86-A093E892F85F}
	EndGlobalSection
EndGlobal
